
Microsoft Visual Studio Solution File, Format Version 12.00
Project("{FAE04EC0-301F-11D3-BF4B-00C04F79EFBC}") = "bulk-rename", "bulk-rename\bulk-rename.csproj", "{7B990AFE-DDFF-4778-8B66-DF89DB2F0BDF}"
EndProject
Global
	GlobalSection(SolutionConfigurationPlatforms) = preSolution
		Debug|Any CPU = Debug|Any CPU
		Release|Any CPU = Release|Any CPU
	EndGlobalSection
	GlobalSection(ProjectConfigurationPlatforms) = postSolution
		{7B990AFE-DDFF-4778-8B66-DF89DB2F0BDF}.Debug|Any CPU.ActiveCfg = Debug|Any CPU
		{7B990AFE-DDFF-4778-8B66-DF89DB2F0BDF}.Debug|Any CPU.Build.0 = Debug|Any CPU
		{7B990AFE-DDFF-4778-8B66-DF89DB2F0BDF}.Release|Any CPU.ActiveCfg = Release|Any CPU
		{7B990AFE-DDFF-4778-8B66-DF89DB2F0BDF}.Release|Any CPU.Build.0 = Release|Any CPU
	EndGlobalSection
EndGlobal
